
Microsoft Visual Studio Solution File, Format Version 12.00
# Visual Studio Version 16
VisualStudioVersion = 16.0.30114.105
MinimumVisualStudioVersion = 10.0.40219.1
Project("{FAE04EC0-301F-11D3-BF4B-00C04F79EFBC}") = "ProEventos.Aplication", "ProEventos.Aplication\ProEventos.Aplication.csproj", "{4D2539B8-C570-4F17-8184-AC7821D79EB0}"
EndProject
Project("{FAE04EC0-301F-11D3-BF4B-00C04F79EFBC}") = "ProEventos.Domain", "ProEventos.Domain\ProEventos.Domain.csproj", "{EACD5C46-B273-440B-9DAD-F3B41D473E1B}"
EndProject
Project("{FAE04EC0-301F-11D3-BF4B-00C04F79EFBC}") = "ProEventos.API", "ProEventos.API\ProEventos.API.csproj", "{81B4C8B8-EDD3-4A45-B56D-5F0D7D3B3A8A}"
EndProject
Project("{FAE04EC0-301F-11D3-BF4B-00C04F79EFBC}") = "ProEventos.Repository", "ProEventos.Repository\ProEventos.Repository.csproj", "{906C184A-1F28-48B3-B5CA-6CFFDB5E4B0A}"
EndProject
Global
	GlobalSection(SolutionConfigurationPlatforms) = preSolution
		Debug|Any CPU = Debug|Any CPU
		Debug|x64 = Debug|x64
		Debug|x86 = Debug|x86
		Release|Any CPU = Release|Any CPU
		Release|x64 = Release|x64
		Release|x86 = Release|x86
	EndGlobalSection
	GlobalSection(SolutionProperties) = preSolution
		HideSolutionNode = FALSE
	EndGlobalSection
	GlobalSection(ProjectConfigurationPlatforms) = postSolution
		{4D2539B8-C570-4F17-8184-AC7821D79EB0}.Debug|Any CPU.ActiveCfg = Debug|Any CPU
		{4D2539B8-C570-4F17-8184-AC7821D79EB0}.Debug|Any CPU.Build.0 = Debug|Any CPU
		{4D2539B8-C570-4F17-8184-AC7821D79EB0}.Debug|x64.ActiveCfg = Debug|Any CPU
		{4D2539B8-C570-4F17-8184-AC7821D79EB0}.Debug|x64.Build.0 = Debug|Any CPU
		{4D2539B8-C570-4F17-8184-AC7821D79EB0}.Debug|x86.ActiveCfg = Debug|Any CPU
		{4D2539B8-C570-4F17-8184-AC7821D79EB0}.Debug|x86.Build.0 = Debug|Any CPU
		{4D2539B8-C570-4F17-8184-AC7821D79EB0}.Release|Any CPU.ActiveCfg = Release|Any CPU
		{4D2539B8-C570-4F17-8184-AC7821D79EB0}.Release|Any CPU.Build.0 = Release|Any CPU
		{4D2539B8-C570-4F17-8184-AC7821D79EB0}.Release|x64.ActiveCfg = Release|Any CPU
		{4D2539B8-C570-4F17-8184-AC7821D79EB0}.Release|x64.Build.0 = Release|Any CPU
		{4D2539B8-C570-4F17-8184-AC7821D79EB0}.Release|x86.ActiveCfg = Release|Any CPU
		{4D2539B8-C570-4F17-8184-AC7821D79EB0}.Release|x86.Build.0 = Release|Any CPU
		{EACD5C46-B273-440B-9DAD-F3B41D473E1B}.Debug|Any CPU.ActiveCfg = Debug|Any CPU
		{EACD5C46-B273-440B-9DAD-F3B41D473E1B}.Debug|Any CPU.Build.0 = Debug|Any CPU
		{EACD5C46-B273-440B-9DAD-F3B41D473E1B}.Debug|x64.ActiveCfg = Debug|Any CPU
		{EACD5C46-B273-440B-9DAD-F3B41D473E1B}.Debug|x64.Build.0 = Debug|Any CPU
		{EACD5C46-B273-440B-9DAD-F3B41D473E1B}.Debug|x86.ActiveCfg = Debug|Any CPU
		{EACD5C46-B273-440B-9DAD-F3B41D473E1B}.Debug|x86.Build.0 = Debug|Any CPU
		{EACD5C46-B273-440B-9DAD-F3B41D473E1B}.Release|Any CPU.ActiveCfg = Release|Any CPU
		{EACD5C46-B273-440B-9DAD-F3B41D473E1B}.Release|Any CPU.Build.0 = Release|Any CPU
		{EACD5C46-B273-440B-9DAD-F3B41D473E1B}.Release|x64.ActiveCfg = Release|Any CPU
		{EACD5C46-B273-440B-9DAD-F3B41D473E1B}.Release|x64.Build.0 = Release|Any CPU
		{EACD5C46-B273-440B-9DAD-F3B41D473E1B}.Release|x86.ActiveCfg = Release|Any CPU
		{EACD5C46-B273-440B-9DAD-F3B41D473E1B}.Release|x86.Build.0 = Release|Any CPU
		{81B4C8B8-EDD3-4A45-B56D-5F0D7D3B3A8A}.Debug|Any CPU.ActiveCfg = Debug|Any CPU
		{81B4C8B8-EDD3-4A45-B56D-5F0D7D3B3A8A}.Debug|Any CPU.Build.0 = Debug|Any CPU
		{81B4C8B8-EDD3-4A45-B56D-5F0D7D3B3A8A}.Debug|x64.ActiveCfg = Debug|Any CPU
		{81B4C8B8-EDD3-4A45-B56D-5F0D7D3B3A8A}.Debug|x64.Build.0 = Debug|Any CPU
		{81B4C8B8-EDD3-4A45-B56D-5F0D7D3B3A8A}.Debug|x86.ActiveCfg = Debug|Any CPU
		{81B4C8B8-EDD3-4A45-B56D-5F0D7D3B3A8A}.Debug|x86.Build.0 = Debug|Any CPU
		{81B4C8B8-EDD3-4A45-B56D-5F0D7D3B3A8A}.Release|Any CPU.ActiveCfg = Release|Any CPU
		{81B4C8B8-EDD3-4A45-B56D-5F0D7D3B3A8A}.Release|Any CPU.Build.0 = Release|Any CPU
		{81B4C8B8-EDD3-4A45-B56D-5F0D7D3B3A8A}.Release|x64.ActiveCfg = Release|Any CPU
		{81B4C8B8-EDD3-4A45-B56D-5F0D7D3B3A8A}.Release|x64.Build.0 = Release|Any CPU
		{81B4C8B8-EDD3-4A45-B56D-5F0D7D3B3A8A}.Release|x86.ActiveCfg = Release|Any CPU
		{81B4C8B8-EDD3-4A45-B56D-5F0D7D3B3A8A}.Release|x86.Build.0 = Release|Any CPU
		{906C184A-1F28-48B3-B5CA-6CFFDB5E4B0A}.Debug|Any CPU.ActiveCfg = Debug|Any CPU
		{906C184A-1F28-48B3-B5CA-6CFFDB5E4B0A}.Debug|Any CPU.Build.0 = Debug|Any CPU
		{906C184A-1F28-48B3-B5CA-6CFFDB5E4B0A}.Debug|x64.ActiveCfg = Debug|Any CPU
		{906C184A-1F28-48B3-B5CA-6CFFDB5E4B0A}.Debug|x64.Build.0 = Debug|Any CPU
		{906C184A-1F28-48B3-B5CA-6CFFDB5E4B0A}.Debug|x86.ActiveCfg = Debug|Any CPU
		{906C184A-1F28-48B3-B5CA-6CFFDB5E4B0A}.Debug|x86.Build.0 = Debug|Any CPU
		{906C184A-1F28-48B3-B5CA-6CFFDB5E4B0A}.Release|Any CPU.ActiveCfg = Release|Any CPU
		{906C184A-1F28-48B3-B5CA-6CFFDB5E4B0A}.Release|Any CPU.Build.0 = Release|Any CPU
		{906C184A-1F28-48B3-B5CA-6CFFDB5E4B0A}.Release|x64.ActiveCfg = Release|Any CPU
		{906C184A-1F28-48B3-B5CA-6CFFDB5E4B0A}.Release|x64.Build.0 = Release|Any CPU
		{906C184A-1F28-48B3-B5CA-6CFFDB5E4B0A}.Release|x86.ActiveCfg = Release|Any CPU
		{906C184A-1F28-48B3-B5CA-6CFFDB5E4B0A}.Release|x86.Build.0 = Release|Any CPU
	EndGlobalSection
EndGlobal
